// !$*UTF8*$!
{
	archiveVersion = 1;
	classes = {
	};
	objectVersion = 46;
	objects = {

/* Begin PBXBuildFile section */
		00E356F31AD99517003FC87E /* FodelTests.m in Sources */ = {isa = PBXBuildFile; fileRef = 00E356F21AD99517003FC87E /* FodelTests.m */; };
		13B07FBC1A68108700A75B9A /* AppDelegate.m in Sources */ = {isa = PBXBuildFile; fileRef = 13B07FB01A68108700A75B9A /* AppDelegate.m */; };
		13B07FBD1A68108700A75B9A /* LaunchScreen.xib in Resources */ = {isa = PBXBuildFile; fileRef = 13B07FB11A68108700A75B9A /* LaunchScreen.xib */; };
		13B07FBF1A68108700A75B9A /* Images.xcassets in Resources */ = {isa = PBXBuildFile; fileRef = 13B07FB51A68108700A75B9A /* Images.xcassets */; };
		13B07FC11A68108700A75B9A /* main.m in Sources */ = {isa = PBXBuildFile; fileRef = 13B07FB71A68108700A75B9A /* main.m */; };
		2D02E4BC1E0B4A80006451C7 /* AppDelegate.m in Sources */ = {isa = PBXBuildFile; fileRef = 13B07FB01A68108700A75B9A /* AppDelegate.m */; };
		2D02E4BD1E0B4A84006451C7 /* Images.xcassets in Resources */ = {isa = PBXBuildFile; fileRef = 13B07FB51A68108700A75B9A /* Images.xcassets */; };
		2D02E4BF1E0B4AB3006451C7 /* main.m in Sources */ = {isa = PBXBuildFile; fileRef = 13B07FB71A68108700A75B9A /* main.m */; };
		2DCD954D1E0B4F2C00145EB5 /* FodelTests.m in Sources */ = {isa = PBXBuildFile; fileRef = 00E356F21AD99517003FC87E /* FodelTests.m */; };
		DE17F419D9B34C3A8127F025 /* AntDesign.ttf in Resources */ = {isa = PBXBuildFile; fileRef = 7FC54101DC2E4666B79D8E9F /* AntDesign.ttf */; };
		1CAA369DE08E44D8B26E446D /* Entypo.ttf in Resources */ = {isa = PBXBuildFile; fileRef = 45D19344DE1D478DA5FE6D62 /* Entypo.ttf */; };
		91157240C139481BAECA40A7 /* EvilIcons.ttf in Resources */ = {isa = PBXBuildFile; fileRef = 759265C7DACC431C967E6520 /* EvilIcons.ttf */; };
		3AC10D751FFC4A5C89BCAE70 /* Feather.ttf in Resources */ = {isa = PBXBuildFile; fileRef = C317735A7D9244EEBE411F4B /* Feather.ttf */; };
		E8DC81EBE280434CACE4F538 /* FontAwesome.ttf in Resources */ = {isa = PBXBuildFile; fileRef = 19A7D39D34B4448ABC6F0A9E /* FontAwesome.ttf */; };
		A23F47B89D7540D1AC4F0C90 /* FontAwesome5_Brands.ttf in Resources */ = {isa = PBXBuildFile; fileRef = 23695BF6E0F44CC4BEEEF883 /* FontAwesome5_Brands.ttf */; };
		94C25379A1A24E52B03F1D18 /* FontAwesome5_Regular.ttf in Resources */ = {isa = PBXBuildFile; fileRef = 5B11B0BD5076453B9FCAD6F9 /* FontAwesome5_Regular.ttf */; };
		C3DB3E940A584E58A55BB5B2 /* FontAwesome5_Solid.ttf in Resources */ = {isa = PBXBuildFile; fileRef = C8D5AAD5850048A5B3D5B747 /* FontAwesome5_Solid.ttf */; };
		DDF3BDAF93DF4C2B96F12A0E /* Fontisto.ttf in Resources */ = {isa = PBXBuildFile; fileRef = 61D3C0DA017A4CE9B5916089 /* Fontisto.ttf */; };
		A445334D38204359A578875F /* Foundation.ttf in Resources */ = {isa = PBXBuildFile; fileRef = 1A9239172D104A489F27B026 /* Foundation.ttf */; };
		39297C3B0B4743FA9EC5843B /* Ionicons.ttf in Resources */ = {isa = PBXBuildFile; fileRef = 8045EC1DA5DD4721BD59F68D /* Ionicons.ttf */; };
		3877590B98B54C9A9D0F44FB /* MaterialCommunityIcons.ttf in Resources */ = {isa = PBXBuildFile; fileRef = 33CD226C3E964334B264CF5E /* MaterialCommunityIcons.ttf */; };
		7DCDF061317940FAA2F13D00 /* MaterialIcons.ttf in Resources */ = {isa = PBXBuildFile; fileRef = FC8805250B784B4A8B1CEE59 /* MaterialIcons.ttf */; };
		6BDE035E8AE54FE1934A8669 /* Octicons.ttf in Resources */ = {isa = PBXBuildFile; fileRef = CE86FEF844C44601B1F58394 /* Octicons.ttf */; };
		0DB9EE837C8A4A179BB3BDCE /* Roboto_medium.ttf in Resources */ = {isa = PBXBuildFile; fileRef = F3FFD4A589D5401DA2EC3202 /* Roboto_medium.ttf */; };
		F8035BBFB6184F9B9E1748CF /* Roboto.ttf in Resources */ = {isa = PBXBuildFile; fileRef = AEA0B42CCC31442A89CF075F /* Roboto.ttf */; };
		530C753D8FAD46F4A32BC90A /* rubicon-icon-font.ttf in Resources */ = {isa = PBXBuildFile; fileRef = 91984E61F0704A0D97CF28E9 /* rubicon-icon-font.ttf */; };
		94C77F98DB8F4BBB909B50DA /* SimpleLineIcons.ttf in Resources */ = {isa = PBXBuildFile; fileRef = 851DF016C76948BEBD8FC41D /* SimpleLineIcons.ttf */; };
		9D444B83C6C446C38A09048C /* Zocial.ttf in Resources */ = {isa = PBXBuildFile; fileRef = 48DCEBF17E244FE7AAF66DF3 /* Zocial.ttf */; };
		BF680C38F43F4C238B84CBAE /* Nunito.ttf in Resources */ = {isa = PBXBuildFile; fileRef = ED2A2F831B0D40A3B4A01B7A /* Nunito.ttf */; };
		588512EA151D409AB54F0B6B /* Nunito-Regular.ttf in Resources */ = {isa = PBXBuildFile; fileRef = 1AC585ED040248709888E360 /* Nunito-Regular.ttf */; };
		48DCAD7A48434A50AA9BC7C8 /* default.png in Resources */ = {isa = PBXBuildFile; fileRef = 6C54A08A2FB049B1A7612BB7 /* default.png */; };
		3E3C1750EF264A838FC7BFCF /* raid.jpg in Resources */ = {isa = PBXBuildFile; fileRef = 047230AE99A34CE8BED3392E /* raid.jpg */; };
		877F464A1D054FA4B8329645 /* w-o-t.jpg in Resources */ = {isa = PBXBuildFile; fileRef = BBC817EB9A6645159BEEF6A8 /* w-o-t.jpg */; };
		DFF65D79A2D14677824C95F3 /* w-r.jpg in Resources */ = {isa = PBXBuildFile; fileRef = 2C208D4B54774FBEA61B3608 /* w-r.jpg */; };
		F53EA6C3F3CD4AECA1F0E166 /* drink.png in Resources */ = {isa = PBXBuildFile; fileRef = EEEDFE42B5724E57A83AED94 /* drink.png */; };
		85833234C6884A128041F677 /* hamburger.png in Resources */ = {isa = PBXBuildFile; fileRef = 6127E435D0244CA385D90C5A /* hamburger.png */; };
		21E72E5021B8431283D32B3A /* salad.png in Resources */ = {isa = PBXBuildFile; fileRef = DE4BE67E8B6A443D835FD91A /* salad.png */; };
		FC454A9845054588996D1D74 /* soup.png in Resources */ = {isa = PBXBuildFile; fileRef = B40D28F379A143BEA1E3E8DF /* soup.png */; };
		2C87873BFA1A4A48A5401DFF /* drink.jpg in Resources */ = {isa = PBXBuildFile; fileRef = AB979B5546374940A2E04112 /* drink.jpg */; };
		3174E1589C9F44479E44218F /* hamburger.jpg in Resources */ = {isa = PBXBuildFile; fileRef = 0EDCA7124CE045148B554B86 /* hamburger.jpg */; };
		2AF6865A29784251B153DADB /* pizza.jpg in Resources */ = {isa = PBXBuildFile; fileRef = BC6F5063D34C46B8A2666037 /* pizza.jpg */; };
		60C173F185A84EDFB9302004 /* salad.jpg in Resources */ = {isa = PBXBuildFile; fileRef = 8E71167DDD1A40D2882F7D54 /* salad.jpg */; };
		234AED57A8D54C46AF2FA5D1 /* soup.jpg in Resources */ = {isa = PBXBuildFile; fileRef = E4ABEF4A7D1D45ACB3669935 /* soup.jpg */; };
		23C8847986054B5E8528F2EE /* chef.jpg in Resources */ = {isa = PBXBuildFile; fileRef = F601DAEA8B0B4F90BA3821F0 /* chef.jpg */; };
		C39F436FE8BA462E8AA5EEC5 /* mcd.jpg in Resources */ = {isa = PBXBuildFile; fileRef = 1D278944963E40429F773353 /* mcd.jpg */; };
		3D8E6DBD1C414BF183D680A5 /* pizza-hut.png in Resources */ = {isa = PBXBuildFile; fileRef = E88948D3BA864C1182EB5040 /* pizza-hut.png */; };
		2D55B11656314B8FB836A6E1 /* starbucks.jpg in Resources */ = {isa = PBXBuildFile; fileRef = E2EDAD830E7E4FF1AF1328EF /* starbucks.jpg */; };
		ACF076B4EFEF4F9380A898B5 /* favicon.png in Resources */ = {isa = PBXBuildFile; fileRef = 6FDE990FC89F43D5A977CF5C /* favicon.png */; };
		2F63B24C1D5C400DB097EDD8 /* illust_1.png in Resources */ = {isa = PBXBuildFile; fileRef = 98274EF61EE549848EC93C9A /* illust_1.png */; };
		E13F5877243C409AAC8E30FC /* login.png in Resources */ = {isa = PBXBuildFile; fileRef = 50F2448CC4BB4233B276371D /* login.png */; };
		1EB5FC9AC3B54CAF8E2BA01F /* register.png in Resources */ = {isa = PBXBuildFile; fileRef = 1FF7538A40834B91815BFDEC /* register.png */; };
		76114726418D4512953BE803 /* finish.png in Resources */ = {isa = PBXBuildFile; fileRef = 2F2B3409FABC45F5B89F7445 /* finish.png */; };
		EC3E52443C0D48898ED324D7 /* forgot_password.png in Resources */ = {isa = PBXBuildFile; fileRef = 97CD43B06C7445CFA31C98F0 /* forgot_password.png */; };
/* End PBXBuildFile section */

/* Begin PBXContainerItemProxy section */
		00E356F41AD99517003FC87E /* PBXContainerItemProxy */ = {
			isa = PBXContainerItemProxy;
			containerPortal = 83CBB9F71A601CBA00E9B192 /* Project object */;
			proxyType = 1;
			remoteGlobalIDString = 13B07F861A680F5B00A75B9A;
			remoteInfo = Fodel;
		};
		2D02E4911E0B4A5D006451C7 /* PBXContainerItemProxy */ = {
			isa = PBXContainerItemProxy;
			containerPortal = 83CBB9F71A601CBA00E9B192 /* Project object */;
			proxyType = 1;
			remoteGlobalIDString = 2D02E47A1E0B4A5D006451C7;
			remoteInfo = "Fodel-tvOS";
		};
/* End PBXContainerItemProxy section */

/* Begin PBXFileReference section */
		008F07F21AC5B25A0029DE68 /* main.jsbundle */ = {isa = PBXFileReference; fileEncoding = 4; lastKnownFileType = text; path = main.jsbundle; sourceTree = "<group>"; };
		00E356EE1AD99517003FC87E /* FodelTests.xctest */ = {isa = PBXFileReference; explicitFileType = wrapper.cfbundle; includeInIndex = 0; path = FodelTests.xctest; sourceTree = BUILT_PRODUCTS_DIR; };
		00E356F11AD99517003FC87E /* Info.plist */ = {isa = PBXFileReference; lastKnownFileType = text.plist.xml; path = Info.plist; sourceTree = "<group>"; };
		00E356F21AD99517003FC87E /* FodelTests.m */ = {isa = PBXFileReference; lastKnownFileType = sourcecode.c.objc; path = FodelTests.m; sourceTree = "<group>"; };
		13B07F961A680F5B00A75B9A /* Fodel.app */ = {isa = PBXFileReference; explicitFileType = wrapper.application; includeInIndex = 0; path = Fodel.app; sourceTree = BUILT_PRODUCTS_DIR; };
		13B07FAF1A68108700A75B9A /* AppDelegate.h */ = {isa = PBXFileReference; fileEncoding = 4; lastKnownFileType = sourcecode.c.h; name = AppDelegate.h; path = Fodel/AppDelegate.h; sourceTree = "<group>"; };
		13B07FB01A68108700A75B9A /* AppDelegate.m */ = {isa = PBXFileReference; fileEncoding = 4; lastKnownFileType = sourcecode.c.objc; name = AppDelegate.m; path = Fodel/AppDelegate.m; sourceTree = "<group>"; };
		13B07FB21A68108700A75B9A /* Base */ = {isa = PBXFileReference; lastKnownFileType = file.xib; name = Base; path = Base.lproj/LaunchScreen.xib; sourceTree = "<group>"; };
		13B07FB51A68108700A75B9A /* Images.xcassets */ = {isa = PBXFileReference; lastKnownFileType = folder.assetcatalog; name = Images.xcassets; path = Fodel/Images.xcassets; sourceTree = "<group>"; };
		13B07FB61A68108700A75B9A /* Info.plist */ = {isa = PBXFileReference; fileEncoding = 4; lastKnownFileType = text.plist.xml; name = Info.plist; path = Fodel/Info.plist; sourceTree = "<group>"; };
		13B07FB71A68108700A75B9A /* main.m */ = {isa = PBXFileReference; fileEncoding = 4; lastKnownFileType = sourcecode.c.objc; name = main.m; path = Fodel/main.m; sourceTree = "<group>"; };
		2D02E47B1E0B4A5D006451C7 /* Fodel-tvOS.app */ = {isa = PBXFileReference; explicitFileType = wrapper.application; includeInIndex = 0; path = "Fodel-tvOS.app"; sourceTree = BUILT_PRODUCTS_DIR; };
		2D02E4901E0B4A5D006451C7 /* Fodel-tvOSTests.xctest */ = {isa = PBXFileReference; explicitFileType = wrapper.cfbundle; includeInIndex = 0; path = "Fodel-tvOSTests.xctest"; sourceTree = BUILT_PRODUCTS_DIR; };
		ED297162215061F000B7C4FE /* JavaScriptCore.framework */ = {isa = PBXFileReference; lastKnownFileType = wrapper.framework; name = JavaScriptCore.framework; path = System/Library/Frameworks/JavaScriptCore.framework; sourceTree = SDKROOT; };
		ED2971642150620600B7C4FE /* JavaScriptCore.framework */ = {isa = PBXFileReference; lastKnownFileType = wrapper.framework; name = JavaScriptCore.framework; path = Platforms/AppleTVOS.platform/Developer/SDKs/AppleTVOS12.0.sdk/System/Library/Frameworks/JavaScriptCore.framework; sourceTree = DEVELOPER_DIR; };
		7FC54101DC2E4666B79D8E9F /* AntDesign.ttf */ = {isa = PBXFileReference; name = "AntDesign.ttf"; path = "../node_modules/native-base/Fonts/AntDesign.ttf"; sourceTree = "<group>"; fileEncoding = undefined; lastKnownFileType = unknown; explicitFileType = undefined; includeInIndex = 0; };
		45D19344DE1D478DA5FE6D62 /* Entypo.ttf */ = {isa = PBXFileReference; name = "Entypo.ttf"; path = "../node_modules/native-base/Fonts/Entypo.ttf"; sourceTree = "<group>"; fileEncoding = undefined; lastKnownFileType = unknown; explicitFileType = undefined; includeInIndex = 0; };
		759265C7DACC431C967E6520 /* EvilIcons.ttf */ = {isa = PBXFileReference; name = "EvilIcons.ttf"; path = "../node_modules/native-base/Fonts/EvilIcons.ttf"; sourceTree = "<group>"; fileEncoding = undefined; lastKnownFileType = unknown; explicitFileType = undefined; includeInIndex = 0; };
		C317735A7D9244EEBE411F4B /* Feather.ttf */ = {isa = PBXFileReference; name = "Feather.ttf"; path = "../node_modules/native-base/Fonts/Feather.ttf"; sourceTree = "<group>"; fileEncoding = undefined; lastKnownFileType = unknown; explicitFileType = undefined; includeInIndex = 0; };
		19A7D39D34B4448ABC6F0A9E /* FontAwesome.ttf */ = {isa = PBXFileReference; name = "FontAwesome.ttf"; path = "../node_modules/native-base/Fonts/FontAwesome.ttf"; sourceTree = "<group>"; fileEncoding = undefined; lastKnownFileType = unknown; explicitFileType = undefined; includeInIndex = 0; };
		23695BF6E0F44CC4BEEEF883 /* FontAwesome5_Brands.ttf */ = {isa = PBXFileReference; name = "FontAwesome5_Brands.ttf"; path = "../node_modules/native-base/Fonts/FontAwesome5_Brands.ttf"; sourceTree = "<group>"; fileEncoding = undefined; lastKnownFileType = unknown; explicitFileType = undefined; includeInIndex = 0; };
		5B11B0BD5076453B9FCAD6F9 /* FontAwesome5_Regular.ttf */ = {isa = PBXFileReference; name = "FontAwesome5_Regular.ttf"; path = "../node_modules/native-base/Fonts/FontAwesome5_Regular.ttf"; sourceTree = "<group>"; fileEncoding = undefined; lastKnownFileType = unknown; explicitFileType = undefined; includeInIndex = 0; };
		C8D5AAD5850048A5B3D5B747 /* FontAwesome5_Solid.ttf */ = {isa = PBXFileReference; name = "FontAwesome5_Solid.ttf"; path = "../node_modules/native-base/Fonts/FontAwesome5_Solid.ttf"; sourceTree = "<group>"; fileEncoding = undefined; lastKnownFileType = unknown; explicitFileType = undefined; includeInIndex = 0; };
		61D3C0DA017A4CE9B5916089 /* Fontisto.ttf */ = {isa = PBXFileReference; name = "Fontisto.ttf"; path = "../node_modules/native-base/Fonts/Fontisto.ttf"; sourceTree = "<group>"; fileEncoding = undefined; lastKnownFileType = unknown; explicitFileType = undefined; includeInIndex = 0; };
		1A9239172D104A489F27B026 /* Foundation.ttf */ = {isa = PBXFileReference; name = "Foundation.ttf"; path = "../node_modules/native-base/Fonts/Foundation.ttf"; sourceTree = "<group>"; fileEncoding = undefined; lastKnownFileType = unknown; explicitFileType = undefined; includeInIndex = 0; };
		8045EC1DA5DD4721BD59F68D /* Ionicons.ttf */ = {isa = PBXFileReference; name = "Ionicons.ttf"; path = "../node_modules/native-base/Fonts/Ionicons.ttf"; sourceTree = "<group>"; fileEncoding = undefined; lastKnownFileType = unknown; explicitFileType = undefined; includeInIndex = 0; };
		33CD226C3E964334B264CF5E /* MaterialCommunityIcons.ttf */ = {isa = PBXFileReference; name = "MaterialCommunityIcons.ttf"; path = "../node_modules/native-base/Fonts/MaterialCommunityIcons.ttf"; sourceTree = "<group>"; fileEncoding = undefined; lastKnownFileType = unknown; explicitFileType = undefined; includeInIndex = 0; };
		FC8805250B784B4A8B1CEE59 /* MaterialIcons.ttf */ = {isa = PBXFileReference; name = "MaterialIcons.ttf"; path = "../node_modules/native-base/Fonts/MaterialIcons.ttf"; sourceTree = "<group>"; fileEncoding = undefined; lastKnownFileType = unknown; explicitFileType = undefined; includeInIndex = 0; };
		CE86FEF844C44601B1F58394 /* Octicons.ttf */ = {isa = PBXFileReference; name = "Octicons.ttf"; path = "../node_modules/native-base/Fonts/Octicons.ttf"; sourceTree = "<group>"; fileEncoding = undefined; lastKnownFileType = unknown; explicitFileType = undefined; includeInIndex = 0; };
		F3FFD4A589D5401DA2EC3202 /* Roboto_medium.ttf */ = {isa = PBXFileReference; name = "Roboto_medium.ttf"; path = "../node_modules/native-base/Fonts/Roboto_medium.ttf"; sourceTree = "<group>"; fileEncoding = undefined; lastKnownFileType = unknown; explicitFileType = undefined; includeInIndex = 0; };
		AEA0B42CCC31442A89CF075F /* Roboto.ttf */ = {isa = PBXFileReference; name = "Roboto.ttf"; path = "../node_modules/native-base/Fonts/Roboto.ttf"; sourceTree = "<group>"; fileEncoding = undefined; lastKnownFileType = unknown; explicitFileType = undefined; includeInIndex = 0; };
		91984E61F0704A0D97CF28E9 /* rubicon-icon-font.ttf */ = {isa = PBXFileReference; name = "rubicon-icon-font.ttf"; path = "../node_modules/native-base/Fonts/rubicon-icon-font.ttf"; sourceTree = "<group>"; fileEncoding = undefined; lastKnownFileType = unknown; explicitFileType = undefined; includeInIndex = 0; };
		851DF016C76948BEBD8FC41D /* SimpleLineIcons.ttf */ = {isa = PBXFileReference; name = "SimpleLineIcons.ttf"; path = "../node_modules/native-base/Fonts/SimpleLineIcons.ttf"; sourceTree = "<group>"; fileEncoding = undefined; lastKnownFileType = unknown; explicitFileType = undefined; includeInIndex = 0; };
		48DCEBF17E244FE7AAF66DF3 /* Zocial.ttf */ = {isa = PBXFileReference; name = "Zocial.ttf"; path = "../node_modules/native-base/Fonts/Zocial.ttf"; sourceTree = "<group>"; fileEncoding = undefined; lastKnownFileType = unknown; explicitFileType = undefined; includeInIndex = 0; };
		ED2A2F831B0D40A3B4A01B7A /* Nunito.ttf */ = {isa = PBXFileReference; name = "Nunito.ttf"; path = "../src/assets/fonts/Nunito.ttf"; sourceTree = "<group>"; fileEncoding = undefined; lastKnownFileType = unknown; explicitFileType = undefined; includeInIndex = 0; };
		1AC585ED040248709888E360 /* Nunito-Regular.ttf */ = {isa = PBXFileReference; name = "Nunito-Regular.ttf"; path = "../src/assets/fonts/Nunito-Regular.ttf"; sourceTree = "<group>"; fileEncoding = undefined; lastKnownFileType = unknown; explicitFileType = undefined; includeInIndex = 0; };
		6C54A08A2FB049B1A7612BB7 /* default.png */ = {isa = PBXFileReference; name = "default.png"; path = "../src/assets/images/default.png"; sourceTree = "<group>"; fileEncoding = undefined; lastKnownFileType = unknown; explicitFileType = undefined; includeInIndex = 0; };
		047230AE99A34CE8BED3392E /* raid.jpg */ = {isa = PBXFileReference; name = "raid.jpg"; path = "../src/assets/images/raid.jpg"; sourceTree = "<group>"; fileEncoding = undefined; lastKnownFileType = unknown; explicitFileType = undefined; includeInIndex = 0; };
		BBC817EB9A6645159BEEF6A8 /* w-o-t.jpg */ = {isa = PBXFileReference; name = "w-o-t.jpg"; path = "../src/assets/images/w-o-t.jpg"; sourceTree = "<group>"; fileEncoding = undefined; lastKnownFileType = unknown; explicitFileType = undefined; includeInIndex = 0; };
		2C208D4B54774FBEA61B3608 /* w-r.jpg */ = {isa = PBXFileReference; name = "w-r.jpg"; path = "../src/assets/images/w-r.jpg"; sourceTree = "<group>"; fileEncoding = undefined; lastKnownFileType = unknown; explicitFileType = undefined; includeInIndex = 0; };
		EEEDFE42B5724E57A83AED94 /* drink.png */ = {isa = PBXFileReference; name = "drink.png"; path = "../src/assets/icons/drink.png"; sourceTree = "<group>"; fileEncoding = undefined; lastKnownFileType = unknown; explicitFileType = undefined; includeInIndex = 0; };
		6127E435D0244CA385D90C5A /* hamburger.png */ = {isa = PBXFileReference; name = "hamburger.png"; path = "../src/assets/icons/hamburger.png"; sourceTree = "<group>"; fileEncoding = undefined; lastKnownFileType = unknown; explicitFileType = undefined; includeInIndex = 0; };
		DE4BE67E8B6A443D835FD91A /* salad.png */ = {isa = PBXFileReference; name = "salad.png"; path = "../src/assets/icons/salad.png"; sourceTree = "<group>"; fileEncoding = undefined; lastKnownFileType = unknown; explicitFileType = undefined; includeInIndex = 0; };
		B40D28F379A143BEA1E3E8DF /* soup.png */ = {isa = PBXFileReference; name = "soup.png"; path = "../src/assets/icons/soup.png"; sourceTree = "<group>"; fileEncoding = undefined; lastKnownFileType = unknown; explicitFileType = undefined; includeInIndex = 0; };
		AB979B5546374940A2E04112 /* drink.jpg */ = {isa = PBXFileReference; name = "drink.jpg"; path = "../src/assets/images/drink.jpg"; sourceTree = "<group>"; fileEncoding = undefined; lastKnownFileType = unknown; explicitFileType = undefined; includeInIndex = 0; };
		0EDCA7124CE045148B554B86 /* hamburger.jpg */ = {isa = PBXFileReference; name = "hamburger.jpg"; path = "../src/assets/images/hamburger.jpg"; sourceTree = "<group>"; fileEncoding = undefined; lastKnownFileType = unknown; explicitFileType = undefined; includeInIndex = 0; };
		BC6F5063D34C46B8A2666037 /* pizza.jpg */ = {isa = PBXFileReference; name = "pizza.jpg"; path = "../src/assets/images/pizza.jpg"; sourceTree = "<group>"; fileEncoding = undefined; lastKnownFileType = unknown; explicitFileType = undefined; includeInIndex = 0; };
		8E71167DDD1A40D2882F7D54 /* salad.jpg */ = {isa = PBXFileReference; name = "salad.jpg"; path = "../src/assets/images/salad.jpg"; sourceTree = "<group>"; fileEncoding = undefined; lastKnownFileType = unknown; explicitFileType = undefined; includeInIndex = 0; };
		E4ABEF4A7D1D45ACB3669935 /* soup.jpg */ = {isa = PBXFileReference; name = "soup.jpg"; path = "../src/assets/images/soup.jpg"; sourceTree = "<group>"; fileEncoding = undefined; lastKnownFileType = unknown; explicitFileType = undefined; includeInIndex = 0; };
		F601DAEA8B0B4F90BA3821F0 /* chef.jpg */ = {isa = PBXFileReference; name = "chef.jpg"; path = "../src/assets/icons/chef.jpg"; sourceTree = "<group>"; fileEncoding = undefined; lastKnownFileType = unknown; explicitFileType = undefined; includeInIndex = 0; };
		1D278944963E40429F773353 /* mcd.jpg */ = {isa = PBXFileReference; name = "mcd.jpg"; path = "../src/assets/icons/mcd.jpg"; sourceTree = "<group>"; fileEncoding = undefined; lastKnownFileType = unknown; explicitFileType = undefined; includeInIndex = 0; };
		E88948D3BA864C1182EB5040 /* pizza-hut.png */ = {isa = PBXFileReference; name = "pizza-hut.png"; path = "../src/assets/icons/pizza-hut.png"; sourceTree = "<group>"; fileEncoding = undefined; lastKnownFileType = unknown; explicitFileType = undefined; includeInIndex = 0; };
		E2EDAD830E7E4FF1AF1328EF /* starbucks.jpg */ = {isa = PBXFileReference; name = "starbucks.jpg"; path = "../src/assets/icons/starbucks.jpg"; sourceTree = "<group>"; fileEncoding = undefined; lastKnownFileType = unknown; explicitFileType = undefined; includeInIndex = 0; };
		6FDE990FC89F43D5A977CF5C /* favicon.png */ = {isa = PBXFileReference; name = "favicon.png"; path = "../src/assets/icons/favicon.png"; sourceTree = "<group>"; fileEncoding = undefined; lastKnownFileType = unknown; explicitFileType = undefined; includeInIndex = 0; };
		98274EF61EE549848EC93C9A /* illust_1.png */ = {isa = PBXFileReference; name = "illust_1.png"; path = "../src/assets/images/illust_1.png"; sourceTree = "<group>"; fileEncoding = undefined; lastKnownFileType = unknown; explicitFileType = undefined; includeInIndex = 0; };
		50F2448CC4BB4233B276371D /* login.png */ = {isa = PBXFileReference; name = "login.png"; path = "../src/assets/images/login.png"; sourceTree = "<group>"; fileEncoding = undefined; lastKnownFileType = unknown; explicitFileType = undefined; includeInIndex = 0; };
		1FF7538A40834B91815BFDEC /* register.png */ = {isa = PBXFileReference; name = "register.png"; path = "../src/assets/images/register.png"; sourceTree = "<group>"; fileEncoding = undefined; lastKnownFileType = unknown; explicitFileType = undefined; includeInIndex = 0; };
		2F2B3409FABC45F5B89F7445 /* finish.png */ = {isa = PBXFileReference; name = "finish.png"; path = "../src/assets/images/finish.png"; sourceTree = "<group>"; fileEncoding = undefined; lastKnownFileType = unknown; explicitFileType = undefined; includeInIndex = 0; };
		97CD43B06C7445CFA31C98F0 /* forgot_password.png */ = {isa = PBXFileReference; name = "forgot_password.png"; path = "../src/assets/images/forgot_password.png"; sourceTree = "<group>"; fileEncoding = undefined; lastKnownFileType = unknown; explicitFileType = undefined; includeInIndex = 0; };
/* End PBXFileReference section */

/* Begin PBXFrameworksBuildPhase section */
		00E356EB1AD99517003FC87E /* Frameworks */ = {
			isa = PBXFrameworksBuildPhase;
			buildActionMask = 2147483647;
			files = (
			);
			runOnlyForDeploymentPostprocessing = 0;
		};
		13B07F8C1A680F5B00A75B9A /* Frameworks */ = {
			isa = PBXFrameworksBuildPhase;
			buildActionMask = 2147483647;
			files = (
			);
			runOnlyForDeploymentPostprocessing = 0;
		};
		2D02E4781E0B4A5D006451C7 /* Frameworks */ = {
			isa = PBXFrameworksBuildPhase;
			buildActionMask = 2147483647;
			files = (
			);
			runOnlyForDeploymentPostprocessing = 0;
		};
		2D02E48D1E0B4A5D006451C7 /* Frameworks */ = {
			isa = PBXFrameworksBuildPhase;
			buildActionMask = 2147483647;
			files = (
			);
			runOnlyForDeploymentPostprocessing = 0;
		};
/* End PBXFrameworksBuildPhase section */

/* Begin PBXGroup section */
		00E356EF1AD99517003FC87E /* FodelTests */ = {
			isa = PBXGroup;
			children = (
				00E356F21AD99517003FC87E /* FodelTests.m */,
				00E356F01AD99517003FC87E /* Supporting Files */,
			);
			path = FodelTests;
			sourceTree = "<group>";
		};
		00E356F01AD99517003FC87E /* Supporting Files */ = {
			isa = PBXGroup;
			children = (
				00E356F11AD99517003FC87E /* Info.plist */,
			);
			name = "Supporting Files";
			sourceTree = "<group>";
		};
		13B07FAE1A68108700A75B9A /* Fodel */ = {
			isa = PBXGroup;
			children = (
				008F07F21AC5B25A0029DE68 /* main.jsbundle */,
				13B07FAF1A68108700A75B9A /* AppDelegate.h */,
				13B07FB01A68108700A75B9A /* AppDelegate.m */,
				13B07FB51A68108700A75B9A /* Images.xcassets */,
				13B07FB61A68108700A75B9A /* Info.plist */,
				13B07FB11A68108700A75B9A /* LaunchScreen.xib */,
				13B07FB71A68108700A75B9A /* main.m */,
			);
			name = Fodel;
			sourceTree = "<group>";
		};
		2D16E6871FA4F8E400B85C8A /* Frameworks */ = {
			isa = PBXGroup;
			children = (
				ED297162215061F000B7C4FE /* JavaScriptCore.framework */,
				ED2971642150620600B7C4FE /* JavaScriptCore.framework */,
			);
			name = Frameworks;
			sourceTree = "<group>";
		};
		832341AE1AAA6A7D00B99B32 /* Libraries */ = {
			isa = PBXGroup;
			children = (
			);
			name = Libraries;
			sourceTree = "<group>";
		};
		83CBB9F61A601CBA00E9B192 = {
			isa = PBXGroup;
			children = (
				13B07FAE1A68108700A75B9A /* Fodel */,
				832341AE1AAA6A7D00B99B32 /* Libraries */,
				00E356EF1AD99517003FC87E /* FodelTests */,
				83CBBA001A601CBA00E9B192 /* Products */,
				2D16E6871FA4F8E400B85C8A /* Frameworks */,
				04504894B6BE42FA814B597A /* Resources */,
			);
			indentWidth = 2;
			sourceTree = "<group>";
			tabWidth = 2;
			usesTabs = 0;
		};
		83CBBA001A601CBA00E9B192 /* Products */ = {
			isa = PBXGroup;
			children = (
				13B07F961A680F5B00A75B9A /* Fodel.app */,
				00E356EE1AD99517003FC87E /* FodelTests.xctest */,
				2D02E47B1E0B4A5D006451C7 /* Fodel-tvOS.app */,
				2D02E4901E0B4A5D006451C7 /* Fodel-tvOSTests.xctest */,
			);
			name = Products;
			sourceTree = "<group>";
		};
		04504894B6BE42FA814B597A /* Resources */ = {
			isa = "PBXGroup";
			children = (
				7FC54101DC2E4666B79D8E9F /* AntDesign.ttf */,
				45D19344DE1D478DA5FE6D62 /* Entypo.ttf */,
				759265C7DACC431C967E6520 /* EvilIcons.ttf */,
				C317735A7D9244EEBE411F4B /* Feather.ttf */,
				19A7D39D34B4448ABC6F0A9E /* FontAwesome.ttf */,
				23695BF6E0F44CC4BEEEF883 /* FontAwesome5_Brands.ttf */,
				5B11B0BD5076453B9FCAD6F9 /* FontAwesome5_Regular.ttf */,
				C8D5AAD5850048A5B3D5B747 /* FontAwesome5_Solid.ttf */,
				61D3C0DA017A4CE9B5916089 /* Fontisto.ttf */,
				1A9239172D104A489F27B026 /* Foundation.ttf */,
				8045EC1DA5DD4721BD59F68D /* Ionicons.ttf */,
				33CD226C3E964334B264CF5E /* MaterialCommunityIcons.ttf */,
				FC8805250B784B4A8B1CEE59 /* MaterialIcons.ttf */,
				CE86FEF844C44601B1F58394 /* Octicons.ttf */,
				F3FFD4A589D5401DA2EC3202 /* Roboto_medium.ttf */,
				AEA0B42CCC31442A89CF075F /* Roboto.ttf */,
				91984E61F0704A0D97CF28E9 /* rubicon-icon-font.ttf */,
				851DF016C76948BEBD8FC41D /* SimpleLineIcons.ttf */,
				48DCEBF17E244FE7AAF66DF3 /* Zocial.ttf */,
				ED2A2F831B0D40A3B4A01B7A /* Nunito.ttf */,
				1AC585ED040248709888E360 /* Nunito-Regular.ttf */,
				6C54A08A2FB049B1A7612BB7 /* default.png */,
				047230AE99A34CE8BED3392E /* raid.jpg */,
				BBC817EB9A6645159BEEF6A8 /* w-o-t.jpg */,
				2C208D4B54774FBEA61B3608 /* w-r.jpg */,
				EEEDFE42B5724E57A83AED94 /* drink.png */,
				6127E435D0244CA385D90C5A /* hamburger.png */,
				DE4BE67E8B6A443D835FD91A /* salad.png */,
				B40D28F379A143BEA1E3E8DF /* soup.png */,
				AB979B5546374940A2E04112 /* drink.jpg */,
				0EDCA7124CE045148B554B86 /* hamburger.jpg */,
				BC6F5063D34C46B8A2666037 /* pizza.jpg */,
				8E71167DDD1A40D2882F7D54 /* salad.jpg */,
				E4ABEF4A7D1D45ACB3669935 /* soup.jpg */,
				F601DAEA8B0B4F90BA3821F0 /* chef.jpg */,
				1D278944963E40429F773353 /* mcd.jpg */,
				E88948D3BA864C1182EB5040 /* pizza-hut.png */,
				E2EDAD830E7E4FF1AF1328EF /* starbucks.jpg */,
				6FDE990FC89F43D5A977CF5C /* favicon.png */,
				98274EF61EE549848EC93C9A /* illust_1.png */,
				50F2448CC4BB4233B276371D /* login.png */,
				1FF7538A40834B91815BFDEC /* register.png */,
				2F2B3409FABC45F5B89F7445 /* finish.png */,
				97CD43B06C7445CFA31C98F0 /* forgot_password.png */,
			);
			name = Resources;
			sourceTree = "<group>";
			path = "";
		};
/* End PBXGroup section */

/* Begin PBXNativeTarget section */
		00E356ED1AD99517003FC87E /* FodelTests */ = {
			isa = PBXNativeTarget;
			buildConfigurationList = 00E357021AD99517003FC87E /* Build configuration list for PBXNativeTarget "FodelTests" */;
			buildPhases = (
				00E356EA1AD99517003FC87E /* Sources */,
				00E356EB1AD99517003FC87E /* Frameworks */,
				00E356EC1AD99517003FC87E /* Resources */,
			);
			buildRules = (
			);
			dependencies = (
				00E356F51AD99517003FC87E /* PBXTargetDependency */,
			);
			name = FodelTests;
			productName = FodelTests;
			productReference = 00E356EE1AD99517003FC87E /* FodelTests.xctest */;
			productType = "com.apple.product-type.bundle.unit-test";
		};
		13B07F861A680F5B00A75B9A /* Fodel */ = {
			isa = PBXNativeTarget;
			buildConfigurationList = 13B07F931A680F5B00A75B9A /* Build configuration list for PBXNativeTarget "Fodel" */;
			buildPhases = (
				FD10A7F022414F080027D42C /* Start Packager */,
				13B07F871A680F5B00A75B9A /* Sources */,
				13B07F8C1A680F5B00A75B9A /* Frameworks */,
				13B07F8E1A680F5B00A75B9A /* Resources */,
				00DD1BFF1BD5951E006B06BC /* Bundle React Native code and images */,
			);
			buildRules = (
			);
			dependencies = (
			);
			name = Fodel;
			productName = "Fodel";
			productReference = 13B07F961A680F5B00A75B9A /* Fodel.app */;
			productType = "com.apple.product-type.application";
		};
		2D02E47A1E0B4A5D006451C7 /* Fodel-tvOS */ = {
			isa = PBXNativeTarget;
			buildConfigurationList = 2D02E4BA1E0B4A5E006451C7 /* Build configuration list for PBXNativeTarget "Fodel-tvOS" */;
			buildPhases = (
				FD10A7F122414F3F0027D42C /* Start Packager */,
				2D02E4771E0B4A5D006451C7 /* Sources */,
				2D02E4781E0B4A5D006451C7 /* Frameworks */,
				2D02E4791E0B4A5D006451C7 /* Resources */,
				2D02E4CB1E0B4B27006451C7 /* Bundle React Native Code And Images */,
			);
			buildRules = (
			);
			dependencies = (
			);
			name = "Fodel-tvOS";
			productName = "Fodel-tvOS";
			productReference = 2D02E47B1E0B4A5D006451C7 /* Fodel-tvOS.app */;
			productType = "com.apple.product-type.application";
		};
		2D02E48F1E0B4A5D006451C7 /* Fodel-tvOSTests */ = {
			isa = PBXNativeTarget;
			buildConfigurationList = 2D02E4BB1E0B4A5E006451C7 /* Build configuration list for PBXNativeTarget "Fodel-tvOSTests" */;
			buildPhases = (
				2D02E48C1E0B4A5D006451C7 /* Sources */,
				2D02E48D1E0B4A5D006451C7 /* Frameworks */,
				2D02E48E1E0B4A5D006451C7 /* Resources */,
			);
			buildRules = (
			);
			dependencies = (
				2D02E4921E0B4A5D006451C7 /* PBXTargetDependency */,
			);
			name = "Fodel-tvOSTests";
			productName = "Fodel-tvOSTests";
			productReference = 2D02E4901E0B4A5D006451C7 /* Fodel-tvOSTests.xctest */;
			productType = "com.apple.product-type.bundle.unit-test";
		};
/* End PBXNativeTarget section */

/* Begin PBXProject section */
		83CBB9F71A601CBA00E9B192 /* Project object */ = {
			isa = PBXProject;
			attributes = {
				LastUpgradeCheck = 940;
				ORGANIZATIONNAME = Facebook;
				TargetAttributes = {
					00E356ED1AD99517003FC87E = {
						CreatedOnToolsVersion = 6.2;
						TestTargetID = 13B07F861A680F5B00A75B9A;
					};
					2D02E47A1E0B4A5D006451C7 = {
						CreatedOnToolsVersion = 8.2.1;
						ProvisioningStyle = Automatic;
					};
					2D02E48F1E0B4A5D006451C7 = {
						CreatedOnToolsVersion = 8.2.1;
						ProvisioningStyle = Automatic;
						TestTargetID = 2D02E47A1E0B4A5D006451C7;
					};
				};
			};
			buildConfigurationList = 83CBB9FA1A601CBA00E9B192 /* Build configuration list for PBXProject "Fodel" */;
			compatibilityVersion = "Xcode 3.2";
			developmentRegion = English;
			hasScannedForEncodings = 0;
			knownRegions = (
				en,
				Base,
			);
			mainGroup = 83CBB9F61A601CBA00E9B192;
			productRefGroup = 83CBBA001A601CBA00E9B192 /* Products */;
			projectDirPath = "";
			projectRoot = "";
			targets = (
				13B07F861A680F5B00A75B9A /* Fodel */,
				00E356ED1AD99517003FC87E /* FodelTests */,
				2D02E47A1E0B4A5D006451C7 /* Fodel-tvOS */,
				2D02E48F1E0B4A5D006451C7 /* Fodel-tvOSTests */,
			);
		};
/* End PBXProject section */

/* Begin PBXResourcesBuildPhase section */
		00E356EC1AD99517003FC87E /* Resources */ = {
			isa = PBXResourcesBuildPhase;
			buildActionMask = 2147483647;
			files = (
			);
			runOnlyForDeploymentPostprocessing = 0;
		};
		13B07F8E1A680F5B00A75B9A /* Resources */ = {
			isa = PBXResourcesBuildPhase;
			buildActionMask = 2147483647;
			files = (
				13B07FBF1A68108700A75B9A /* Images.xcassets in Resources */,
				13B07FBD1A68108700A75B9A /* LaunchScreen.xib in Resources */,
				DE17F419D9B34C3A8127F025 /* AntDesign.ttf in Resources */,
				1CAA369DE08E44D8B26E446D /* Entypo.ttf in Resources */,
				91157240C139481BAECA40A7 /* EvilIcons.ttf in Resources */,
				3AC10D751FFC4A5C89BCAE70 /* Feather.ttf in Resources */,
				E8DC81EBE280434CACE4F538 /* FontAwesome.ttf in Resources */,
				A23F47B89D7540D1AC4F0C90 /* FontAwesome5_Brands.ttf in Resources */,
				94C25379A1A24E52B03F1D18 /* FontAwesome5_Regular.ttf in Resources */,
				C3DB3E940A584E58A55BB5B2 /* FontAwesome5_Solid.ttf in Resources */,
				DDF3BDAF93DF4C2B96F12A0E /* Fontisto.ttf in Resources */,
				A445334D38204359A578875F /* Foundation.ttf in Resources */,
				39297C3B0B4743FA9EC5843B /* Ionicons.ttf in Resources */,
				3877590B98B54C9A9D0F44FB /* MaterialCommunityIcons.ttf in Resources */,
				7DCDF061317940FAA2F13D00 /* MaterialIcons.ttf in Resources */,
				6BDE035E8AE54FE1934A8669 /* Octicons.ttf in Resources */,
				0DB9EE837C8A4A179BB3BDCE /* Roboto_medium.ttf in Resources */,
				F8035BBFB6184F9B9E1748CF /* Roboto.ttf in Resources */,
				530C753D8FAD46F4A32BC90A /* rubicon-icon-font.ttf in Resources */,
				94C77F98DB8F4BBB909B50DA /* SimpleLineIcons.ttf in Resources */,
				9D444B83C6C446C38A09048C /* Zocial.ttf in Resources */,
				BF680C38F43F4C238B84CBAE /* Nunito.ttf in Resources */,
				588512EA151D409AB54F0B6B /* Nunito-Regular.ttf in Resources */,
				48DCAD7A48434A50AA9BC7C8 /* default.png in Resources */,
				3E3C1750EF264A838FC7BFCF /* raid.jpg in Resources */,
				877F464A1D054FA4B8329645 /* w-o-t.jpg in Resources */,
				DFF65D79A2D14677824C95F3 /* w-r.jpg in Resources */,
				F53EA6C3F3CD4AECA1F0E166 /* drink.png in Resources */,
				85833234C6884A128041F677 /* hamburger.png in Resources */,
				21E72E5021B8431283D32B3A /* salad.png in Resources */,
				FC454A9845054588996D1D74 /* soup.png in Resources */,
				2C87873BFA1A4A48A5401DFF /* drink.jpg in Resources */,
				3174E1589C9F44479E44218F /* hamburger.jpg in Resources */,
				2AF6865A29784251B153DADB /* pizza.jpg in Resources */,
				60C173F185A84EDFB9302004 /* salad.jpg in Resources */,
				234AED57A8D54C46AF2FA5D1 /* soup.jpg in Resources */,
				23C8847986054B5E8528F2EE /* chef.jpg in Resources */,
				C39F436FE8BA462E8AA5EEC5 /* mcd.jpg in Resources */,
				3D8E6DBD1C414BF183D680A5 /* pizza-hut.png in Resources */,
				2D55B11656314B8FB836A6E1 /* starbucks.jpg in Resources */,
				ACF076B4EFEF4F9380A898B5 /* favicon.png in Resources */,
				2F63B24C1D5C400DB097EDD8 /* illust_1.png in Resources */,
				E13F5877243C409AAC8E30FC /* login.png in Resources */,
				1EB5FC9AC3B54CAF8E2BA01F /* register.png in Resources */,
				76114726418D4512953BE803 /* finish.png in Resources */,
				EC3E52443C0D48898ED324D7 /* forgot_password.png in Resources */,
			);
			runOnlyForDeploymentPostprocessing = 0;
		};
		2D02E4791E0B4A5D006451C7 /* Resources */ = {
			isa = PBXResourcesBuildPhase;
			buildActionMask = 2147483647;
			files = (
				2D02E4BD1E0B4A84006451C7 /* Images.xcassets in Resources */,
			);
			runOnlyForDeploymentPostprocessing = 0;
		};
		2D02E48E1E0B4A5D006451C7 /* Resources */ = {
			isa = PBXResourcesBuildPhase;
			buildActionMask = 2147483647;
			files = (
			);
			runOnlyForDeploymentPostprocessing = 0;
		};
/* End PBXResourcesBuildPhase section */

/* Begin PBXShellScriptBuildPhase section */
		00DD1BFF1BD5951E006B06BC /* Bundle React Native code and images */ = {
			isa = PBXShellScriptBuildPhase;
			buildActionMask = 2147483647;
			files = (
			);
			inputPaths = (
			);
			name = "Bundle React Native code and images";
			outputPaths = (
			);
			runOnlyForDeploymentPostprocessing = 0;
			shellPath = /bin/sh;
			shellScript = "export NODE_BINARY=node\n../node_modules/react-native/scripts/react-native-xcode.sh";
		};
		2D02E4CB1E0B4B27006451C7 /* Bundle React Native Code And Images */ = {
			isa = PBXShellScriptBuildPhase;
			buildActionMask = 2147483647;
			files = (
			);
			inputPaths = (
			);
			name = "Bundle React Native Code And Images";
			outputPaths = (
			);
			runOnlyForDeploymentPostprocessing = 0;
			shellPath = /bin/sh;
			shellScript = "export NODE_BINARY=node\n../node_modules/react-native/scripts/react-native-xcode.sh";
		};
		FD10A7F022414F080027D42C /* Start Packager */ = {
			isa = PBXShellScriptBuildPhase;
			buildActionMask = 2147483647;
			files = (
			);
			inputFileListPaths = (
			);
			inputPaths = (
			);
			name = "Start Packager";
			outputFileListPaths = (
			);
			outputPaths = (
			);
			runOnlyForDeploymentPostprocessing = 0;
			shellPath = /bin/sh;
			shellScript = "export RCT_METRO_PORT=\"${RCT_METRO_PORT:=8081}\"\necho \"export RCT_METRO_PORT=${RCT_METRO_PORT}\" > \"${SRCROOT}/../node_modules/react-native/scripts/.packager.env\"\nif [ -z \"${RCT_NO_LAUNCH_PACKAGER+xxx}\" ] ; then\n  if nc -w 5 -z localhost ${RCT_METRO_PORT} ; then\n    if ! curl -s \"http://localhost:${RCT_METRO_PORT}/status\" | grep -q \"packager-status:running\" ; then\n      echo \"Port ${RCT_METRO_PORT} already in use, packager is either not running or not running correctly\"\n      exit 2\n    fi\n  else\n    open \"$SRCROOT/../node_modules/react-native/scripts/launchPackager.command\" || echo \"Can't start packager automatically\"\n  fi\nfi\n";
			showEnvVarsInLog = 0;
		};
		FD10A7F122414F3F0027D42C /* Start Packager */ = {
			isa = PBXShellScriptBuildPhase;
			buildActionMask = 2147483647;
			files = (
			);
			inputFileListPaths = (
			);
			inputPaths = (
			);
			name = "Start Packager";
			outputFileListPaths = (
			);
			outputPaths = (
			);
			runOnlyForDeploymentPostprocessing = 0;
			shellPath = /bin/sh;
			shellScript = "export RCT_METRO_PORT=\"${RCT_METRO_PORT:=8081}\"\necho \"export RCT_METRO_PORT=${RCT_METRO_PORT}\" > \"${SRCROOT}/../node_modules/react-native/scripts/.packager.env\"\nif [ -z \"${RCT_NO_LAUNCH_PACKAGER+xxx}\" ] ; then\n  if nc -w 5 -z localhost ${RCT_METRO_PORT} ; then\n    if ! curl -s \"http://localhost:${RCT_METRO_PORT}/status\" | grep -q \"packager-status:running\" ; then\n      echo \"Port ${RCT_METRO_PORT} already in use, packager is either not running or not running correctly\"\n      exit 2\n    fi\n  else\n    open \"$SRCROOT/../node_modules/react-native/scripts/launchPackager.command\" || echo \"Can't start packager automatically\"\n  fi\nfi\n";
			showEnvVarsInLog = 0;
		};
/* End PBXShellScriptBuildPhase section */

/* Begin PBXSourcesBuildPhase section */
		00E356EA1AD99517003FC87E /* Sources */ = {
			isa = PBXSourcesBuildPhase;
			buildActionMask = 2147483647;
			files = (
				00E356F31AD99517003FC87E /* FodelTests.m in Sources */,
			);
			runOnlyForDeploymentPostprocessing = 0;
		};
		13B07F871A680F5B00A75B9A /* Sources */ = {
			isa = PBXSourcesBuildPhase;
			buildActionMask = 2147483647;
			files = (
				13B07FBC1A68108700A75B9A /* AppDelegate.m in Sources */,
				13B07FC11A68108700A75B9A /* main.m in Sources */,
			);
			runOnlyForDeploymentPostprocessing = 0;
		};
		2D02E4771E0B4A5D006451C7 /* Sources */ = {
			isa = PBXSourcesBuildPhase;
			buildActionMask = 2147483647;
			files = (
				2D02E4BF1E0B4AB3006451C7 /* main.m in Sources */,
				2D02E4BC1E0B4A80006451C7 /* AppDelegate.m in Sources */,
			);
			runOnlyForDeploymentPostprocessing = 0;
		};
		2D02E48C1E0B4A5D006451C7 /* Sources */ = {
			isa = PBXSourcesBuildPhase;
			buildActionMask = 2147483647;
			files = (
				2DCD954D1E0B4F2C00145EB5 /* FodelTests.m in Sources */,
			);
			runOnlyForDeploymentPostprocessing = 0;
		};
/* End PBXSourcesBuildPhase section */

/* Begin PBXTargetDependency section */
		00E356F51AD99517003FC87E /* PBXTargetDependency */ = {
			isa = PBXTargetDependency;
			target = 13B07F861A680F5B00A75B9A /* Fodel */;
			targetProxy = 00E356F41AD99517003FC87E /* PBXContainerItemProxy */;
		};
		2D02E4921E0B4A5D006451C7 /* PBXTargetDependency */ = {
			isa = PBXTargetDependency;
			target = 2D02E47A1E0B4A5D006451C7 /* Fodel-tvOS */;
			targetProxy = 2D02E4911E0B4A5D006451C7 /* PBXContainerItemProxy */;
		};
/* End PBXTargetDependency section */

/* Begin PBXVariantGroup section */
		13B07FB11A68108700A75B9A /* LaunchScreen.xib */ = {
			isa = PBXVariantGroup;
			children = (
				13B07FB21A68108700A75B9A /* Base */,
			);
			name = LaunchScreen.xib;
			path = Fodel;
			sourceTree = "<group>";
		};
/* End PBXVariantGroup section */

/* Begin XCBuildConfiguration section */
		00E356F61AD99517003FC87E /* Debug */ = {
			isa = XCBuildConfiguration;
			buildSettings = {
				BUNDLE_LOADER = "$(TEST_HOST)";
				GCC_PREPROCESSOR_DEFINITIONS = (
					"DEBUG=1",
					"$(inherited)",
				);
				INFOPLIST_FILE = FodelTests/Info.plist;
				IPHONEOS_DEPLOYMENT_TARGET = 9.0;
				LD_RUNPATH_SEARCH_PATHS = "$(inherited) @executable_path/Frameworks @loader_path/Frameworks";
				OTHER_LDFLAGS = (
					"-ObjC",
					"-lc++",
					"$(inherited)",
				);
				PRODUCT_BUNDLE_IDENTIFIER = "org.reactjs.native.example.$(PRODUCT_NAME:rfc1034identifier)";
				PRODUCT_NAME = "$(TARGET_NAME)";
				TEST_HOST = "$(BUILT_PRODUCTS_DIR)/Fodel.app/Fodel";
			};
			name = Debug;
		};
		00E356F71AD99517003FC87E /* Release */ = {
			isa = XCBuildConfiguration;
			buildSettings = {
				BUNDLE_LOADER = "$(TEST_HOST)";
				COPY_PHASE_STRIP = NO;
				INFOPLIST_FILE = FodelTests/Info.plist;
				IPHONEOS_DEPLOYMENT_TARGET = 9.0;
				LD_RUNPATH_SEARCH_PATHS = "$(inherited) @executable_path/Frameworks @loader_path/Frameworks";
				OTHER_LDFLAGS = (
					"-ObjC",
					"-lc++",
					"$(inherited)",
				);
				PRODUCT_BUNDLE_IDENTIFIER = "org.reactjs.native.example.$(PRODUCT_NAME:rfc1034identifier)";
				PRODUCT_NAME = "$(TARGET_NAME)";
				TEST_HOST = "$(BUILT_PRODUCTS_DIR)/Fodel.app/Fodel";
			};
			name = Release;
		};
		13B07F941A680F5B00A75B9A /* Debug */ = {
			isa = XCBuildConfiguration;
			buildSettings = {
				ASSETCATALOG_COMPILER_APPICON_NAME = AppIcon;
				CURRENT_PROJECT_VERSION = 1;
				DEAD_CODE_STRIPPING = NO;
				INFOPLIST_FILE = Fodel/Info.plist;
				LD_RUNPATH_SEARCH_PATHS = "$(inherited) @executable_path/Frameworks";
				OTHER_LDFLAGS = (
					"$(inherited)",
					"-ObjC",
					"-lc++",
				);
				PRODUCT_BUNDLE_IDENTIFIER = "org.reactjs.native.example.$(PRODUCT_NAME:rfc1034identifier)";
				PRODUCT_NAME = Fodel;
				VERSIONING_SYSTEM = "apple-generic";
			};
			name = Debug;
		};
		13B07F951A680F5B00A75B9A /* Release */ = {
			isa = XCBuildConfiguration;
			buildSettings = {
				ASSETCATALOG_COMPILER_APPICON_NAME = AppIcon;
				CURRENT_PROJECT_VERSION = 1;
				INFOPLIST_FILE = Fodel/Info.plist;
				LD_RUNPATH_SEARCH_PATHS = "$(inherited) @executable_path/Frameworks";
				OTHER_LDFLAGS = (
					"$(inherited)",
					"-ObjC",
					"-lc++",
				);
				PRODUCT_BUNDLE_IDENTIFIER = "org.reactjs.native.example.$(PRODUCT_NAME:rfc1034identifier)";
				PRODUCT_NAME = Fodel;
				VERSIONING_SYSTEM = "apple-generic";
			};
			name = Release;
		};
		2D02E4971E0B4A5E006451C7 /* Debug */ = {
			isa = XCBuildConfiguration;
			buildSettings = {
				ASSETCATALOG_COMPILER_APPICON_NAME = "App Icon & Top Shelf Image";
				ASSETCATALOG_COMPILER_LAUNCHIMAGE_NAME = LaunchImage;
				CLANG_ANALYZER_NONNULL = YES;
				CLANG_WARN_DOCUMENTATION_COMMENTS = YES;
				CLANG_WARN_INFINITE_RECURSION = YES;
				CLANG_WARN_SUSPICIOUS_MOVE = YES;
				DEBUG_INFORMATION_FORMAT = dwarf;
				ENABLE_TESTABILITY = YES;
				GCC_NO_COMMON_BLOCKS = YES;
				INFOPLIST_FILE = "Fodel-tvOS/Info.plist";
				LD_RUNPATH_SEARCH_PATHS = "$(inherited) @executable_path/Frameworks";
				OTHER_LDFLAGS = (
					"$(inherited)",
					"-ObjC",
					"-lc++",
				);
				PRODUCT_BUNDLE_IDENTIFIER = "com.facebook.REACT.Fodel-tvOS";
				PRODUCT_NAME = "$(TARGET_NAME)";
				SDKROOT = appletvos;
				TARGETED_DEVICE_FAMILY = 3;
				TVOS_DEPLOYMENT_TARGET = 9.2;
			};
			name = Debug;
		};
		2D02E4981E0B4A5E006451C7 /* Release */ = {
			isa = XCBuildConfiguration;
			buildSettings = {
				ASSETCATALOG_COMPILER_APPICON_NAME = "App Icon & Top Shelf Image";
				ASSETCATALOG_COMPILER_LAUNCHIMAGE_NAME = LaunchImage;
				CLANG_ANALYZER_NONNULL = YES;
				CLANG_WARN_DOCUMENTATION_COMMENTS = YES;
				CLANG_WARN_INFINITE_RECURSION = YES;
				CLANG_WARN_SUSPICIOUS_MOVE = YES;
				COPY_PHASE_STRIP = NO;
				DEBUG_INFORMATION_FORMAT = "dwarf-with-dsym";
				GCC_NO_COMMON_BLOCKS = YES;
				INFOPLIST_FILE = "Fodel-tvOS/Info.plist";
				LD_RUNPATH_SEARCH_PATHS = "$(inherited) @executable_path/Frameworks";
				OTHER_LDFLAGS = (
					"$(inherited)",
					"-ObjC",
					"-lc++",
				);
				PRODUCT_BUNDLE_IDENTIFIER = "com.facebook.REACT.Fodel-tvOS";
				PRODUCT_NAME = "$(TARGET_NAME)";
				SDKROOT = appletvos;
				TARGETED_DEVICE_FAMILY = 3;
				TVOS_DEPLOYMENT_TARGET = 9.2;
			};
			name = Release;
		};
		2D02E4991E0B4A5E006451C7 /* Debug */ = {
			isa = XCBuildConfiguration;
			buildSettings = {
				BUNDLE_LOADER = "$(TEST_HOST)";
				CLANG_ANALYZER_NONNULL = YES;
				CLANG_WARN_DOCUMENTATION_COMMENTS = YES;
				CLANG_WARN_INFINITE_RECURSION = YES;
				CLANG_WARN_SUSPICIOUS_MOVE = YES;
				DEBUG_INFORMATION_FORMAT = dwarf;
				ENABLE_TESTABILITY = YES;
				GCC_NO_COMMON_BLOCKS = YES;
				INFOPLIST_FILE = "Fodel-tvOSTests/Info.plist";
				LD_RUNPATH_SEARCH_PATHS = "$(inherited) @executable_path/Frameworks @loader_path/Frameworks";
				OTHER_LDFLAGS = (
					"$(inherited)",
					"-ObjC",
					"-lc++",
				);
				PRODUCT_BUNDLE_IDENTIFIER = "com.facebook.REACT.Fodel-tvOSTests";
				PRODUCT_NAME = "$(TARGET_NAME)";
				SDKROOT = appletvos;
				TEST_HOST = "$(BUILT_PRODUCTS_DIR)/Fodel-tvOS.app/Fodel-tvOS";
				TVOS_DEPLOYMENT_TARGET = 10.1;
			};
			name = Debug;
		};
		2D02E49A1E0B4A5E006451C7 /* Release */ = {
			isa = XCBuildConfiguration;
			buildSettings = {
				BUNDLE_LOADER = "$(TEST_HOST)";
				CLANG_ANALYZER_NONNULL = YES;
				CLANG_WARN_DOCUMENTATION_COMMENTS = YES;
				CLANG_WARN_INFINITE_RECURSION = YES;
				CLANG_WARN_SUSPICIOUS_MOVE = YES;
				COPY_PHASE_STRIP = NO;
				DEBUG_INFORMATION_FORMAT = "dwarf-with-dsym";
				GCC_NO_COMMON_BLOCKS = YES;
				INFOPLIST_FILE = "Fodel-tvOSTests/Info.plist";
				LD_RUNPATH_SEARCH_PATHS = "$(inherited) @executable_path/Frameworks @loader_path/Frameworks";
				OTHER_LDFLAGS = (
					"$(inherited)",
					"-ObjC",
					"-lc++",
				);
				PRODUCT_BUNDLE_IDENTIFIER = "com.facebook.REACT.Fodel-tvOSTests";
				PRODUCT_NAME = "$(TARGET_NAME)";
				SDKROOT = appletvos;
				TEST_HOST = "$(BUILT_PRODUCTS_DIR)/Fodel-tvOS.app/Fodel-tvOS";
				TVOS_DEPLOYMENT_TARGET = 10.1;
			};
			name = Release;
		};
		83CBBA201A601CBA00E9B192 /* Debug */ = {
			isa = XCBuildConfiguration;
			buildSettings = {
				ALWAYS_SEARCH_USER_PATHS = NO;
				CLANG_CXX_LANGUAGE_STANDARD = "gnu++0x";
				CLANG_CXX_LIBRARY = "libc++";
				CLANG_ENABLE_MODULES = YES;
				CLANG_ENABLE_OBJC_ARC = YES;
				CLANG_WARN_BLOCK_CAPTURE_AUTORELEASING = YES;
				CLANG_WARN_BOOL_CONVERSION = YES;
				CLANG_WARN_COMMA = YES;
				CLANG_WARN_CONSTANT_CONVERSION = YES;
				CLANG_WARN_DEPRECATED_OBJC_IMPLEMENTATIONS = YES;
				CLANG_WARN_DIRECT_OBJC_ISA_USAGE = YES_ERROR;
				CLANG_WARN_EMPTY_BODY = YES;
				CLANG_WARN_ENUM_CONVERSION = YES;
				CLANG_WARN_INFINITE_RECURSION = YES;
				CLANG_WARN_INT_CONVERSION = YES;
				CLANG_WARN_NON_LITERAL_NULL_CONVERSION = YES;
				CLANG_WARN_OBJC_IMPLICIT_RETAIN_SELF = YES;
				CLANG_WARN_OBJC_LITERAL_CONVERSION = YES;
				CLANG_WARN_OBJC_ROOT_CLASS = YES_ERROR;
				CLANG_WARN_RANGE_LOOP_ANALYSIS = YES;
				CLANG_WARN_STRICT_PROTOTYPES = YES;
				CLANG_WARN_SUSPICIOUS_MOVE = YES;
				CLANG_WARN_UNREACHABLE_CODE = YES;
				CLANG_WARN__DUPLICATE_METHOD_MATCH = YES;
				"CODE_SIGN_IDENTITY[sdk=iphoneos*]" = "iPhone Developer";
				COPY_PHASE_STRIP = NO;
				ENABLE_STRICT_OBJC_MSGSEND = YES;
				ENABLE_TESTABILITY = YES;
				GCC_C_LANGUAGE_STANDARD = gnu99;
				GCC_DYNAMIC_NO_PIC = NO;
				GCC_NO_COMMON_BLOCKS = YES;
				GCC_OPTIMIZATION_LEVEL = 0;
				GCC_PREPROCESSOR_DEFINITIONS = (
					"DEBUG=1",
					"$(inherited)",
				);
				GCC_SYMBOLS_PRIVATE_EXTERN = NO;
				GCC_WARN_64_TO_32_BIT_CONVERSION = YES;
				GCC_WARN_ABOUT_RETURN_TYPE = YES_ERROR;
				GCC_WARN_UNDECLARED_SELECTOR = YES;
				GCC_WARN_UNINITIALIZED_AUTOS = YES_AGGRESSIVE;
				GCC_WARN_UNUSED_FUNCTION = YES;
				GCC_WARN_UNUSED_VARIABLE = YES;
				IPHONEOS_DEPLOYMENT_TARGET = 9.0;
				MTL_ENABLE_DEBUG_INFO = YES;
				ONLY_ACTIVE_ARCH = YES;
				SDKROOT = iphoneos;
			};
			name = Debug;
		};
		83CBBA211A601CBA00E9B192 /* Release */ = {
			isa = XCBuildConfiguration;
			buildSettings = {
				ALWAYS_SEARCH_USER_PATHS = NO;
				CLANG_CXX_LANGUAGE_STANDARD = "gnu++0x";
				CLANG_CXX_LIBRARY = "libc++";
				CLANG_ENABLE_MODULES = YES;
				CLANG_ENABLE_OBJC_ARC = YES;
				CLANG_WARN_BLOCK_CAPTURE_AUTORELEASING = YES;
				CLANG_WARN_BOOL_CONVERSION = YES;
				CLANG_WARN_COMMA = YES;
				CLANG_WARN_CONSTANT_CONVERSION = YES;
				CLANG_WARN_DEPRECATED_OBJC_IMPLEMENTATIONS = YES;
				CLANG_WARN_DIRECT_OBJC_ISA_USAGE = YES_ERROR;
				CLANG_WARN_EMPTY_BODY = YES;
				CLANG_WARN_ENUM_CONVERSION = YES;
				CLANG_WARN_INFINITE_RECURSION = YES;
				CLANG_WARN_INT_CONVERSION = YES;
				CLANG_WARN_NON_LITERAL_NULL_CONVERSION = YES;
				CLANG_WARN_OBJC_IMPLICIT_RETAIN_SELF = YES;
				CLANG_WARN_OBJC_LITERAL_CONVERSION = YES;
				CLANG_WARN_OBJC_ROOT_CLASS = YES_ERROR;
				CLANG_WARN_RANGE_LOOP_ANALYSIS = YES;
				CLANG_WARN_STRICT_PROTOTYPES = YES;
				CLANG_WARN_SUSPICIOUS_MOVE = YES;
				CLANG_WARN_UNREACHABLE_CODE = YES;
				CLANG_WARN__DUPLICATE_METHOD_MATCH = YES;
				"CODE_SIGN_IDENTITY[sdk=iphoneos*]" = "iPhone Developer";
				COPY_PHASE_STRIP = YES;
				ENABLE_NS_ASSERTIONS = NO;
				ENABLE_STRICT_OBJC_MSGSEND = YES;
				GCC_C_LANGUAGE_STANDARD = gnu99;
				GCC_NO_COMMON_BLOCKS = YES;
				GCC_WARN_64_TO_32_BIT_CONVERSION = YES;
				GCC_WARN_ABOUT_RETURN_TYPE = YES_ERROR;
				GCC_WARN_UNDECLARED_SELECTOR = YES;
				GCC_WARN_UNINITIALIZED_AUTOS = YES_AGGRESSIVE;
				GCC_WARN_UNUSED_FUNCTION = YES;
				GCC_WARN_UNUSED_VARIABLE = YES;
				IPHONEOS_DEPLOYMENT_TARGET = 9.0;
				MTL_ENABLE_DEBUG_INFO = NO;
				SDKROOT = iphoneos;
				VALIDATE_PRODUCT = YES;
			};
			name = Release;
		};
/* End XCBuildConfiguration section */

/* Begin XCConfigurationList section */
		00E357021AD99517003FC87E /* Build configuration list for PBXNativeTarget "FodelTests" */ = {
			isa = XCConfigurationList;
			buildConfigurations = (
				00E356F61AD99517003FC87E /* Debug */,
				00E356F71AD99517003FC87E /* Release */,
			);
			defaultConfigurationIsVisible = 0;
			defaultConfigurationName = Release;
		};
		13B07F931A680F5B00A75B9A /* Build configuration list for PBXNativeTarget "Fodel" */ = {
			isa = XCConfigurationList;
			buildConfigurations = (
				13B07F941A680F5B00A75B9A /* Debug */,
				13B07F951A680F5B00A75B9A /* Release */,
			);
			defaultConfigurationIsVisible = 0;
			defaultConfigurationName = Release;
		};
		2D02E4BA1E0B4A5E006451C7 /* Build configuration list for PBXNativeTarget "Fodel-tvOS" */ = {
			isa = XCConfigurationList;
			buildConfigurations = (
				2D02E4971E0B4A5E006451C7 /* Debug */,
				2D02E4981E0B4A5E006451C7 /* Release */,
			);
			defaultConfigurationIsVisible = 0;
			defaultConfigurationName = Release;
		};
		2D02E4BB1E0B4A5E006451C7 /* Build configuration list for PBXNativeTarget "Fodel-tvOSTests" */ = {
			isa = XCConfigurationList;
			buildConfigurations = (
				2D02E4991E0B4A5E006451C7 /* Debug */,
				2D02E49A1E0B4A5E006451C7 /* Release */,
			);
			defaultConfigurationIsVisible = 0;
			defaultConfigurationName = Release;
		};
		83CBB9FA1A601CBA00E9B192 /* Build configuration list for PBXProject "Fodel" */ = {
			isa = XCConfigurationList;
			buildConfigurations = (
				83CBBA201A601CBA00E9B192 /* Debug */,
				83CBBA211A601CBA00E9B192 /* Release */,
			);
			defaultConfigurationIsVisible = 0;
			defaultConfigurationName = Release;
		};
/* End XCConfigurationList section */
	};
	rootObject = 83CBB9F71A601CBA00E9B192 /* Project object */;
}
